{
  "originHash" : "8e9f666da30263039a0f960cd0fe66d192f780e412635fcd96e5b3fd5faa0e61",
  "pins" : [
    {
      "identity" : "swift-api-client",
      "kind" : "remoteSourceControl",
      "location" : "https://github.com/NinjaLikesCheez/swift-api-client.git",
      "state" : {
        "revision" : "c6ca809a7884c46f4ad6bcc9164ca7ecc8408114",
        "version" : "0.0.1"
      }
    },
    {
      "identity" : "swift-log",
      "kind" : "remoteSourceControl",
      "location" : "https://github.com/apple/swift-log.git",
      "state" : {
        "revision" : "96a2f8a0fa41e9e09af4585e2724c4e825410b91",
        "version" : "1.6.2"
      }
    }
  ],
  "version" : 3
}
